[[package]]
name = "atomicwrites"
version = "1.4.1"
description = "Atomic file writes."
category = "dev"
optional = false
python-versions = ">=2.7, !=3.0.*, !=3.1.*, !=3.2.*, !=3.3.*"

[[package]]
name = "attrs"
version = "23.1.0"
description = "Classes Without Boilerplate"
category = "dev"
optional = false
python-versions = ">=3.7"

[package.extras]
cov = ["attrs", "coverage[toml] (>=5.3)"]
dev = ["attrs", "pre-commit"]
docs = ["furo", "myst-parser", "sphinx", "sphinx-notfound-page", "sphinxcontrib-towncrier", "towncrier", "zope-interface"]
tests = ["attrs", "zope-interface"]
tests-no-zope = ["cloudpickle", "hypothesis", "mypy (>=1.1.1)", "pympler", "pytest-mypy-plugins", "pytest-xdist", "pytest (>=4.3.0)"]

[[package]]
name = "blinker"
version = "1.6.3"
description = "Fast, simple object-to-object and broadcast signaling"
category = "main"
optional = false
python-versions = ">=3.7"

[[package]]
name = "cachecontrol"
version = "0.13.1"
description = "httplib2 caching for requests"
category = "main"
optional = false
python-versions = ">=3.7"

[package.dependencies]
msgpack = ">=0.5.2"
requests = ">=2.16.0"

[package.extras]
dev = ["cachecontrol", "build", "mypy", "tox", "pytest-cov", "pytest", "cherrypy", "sphinx", "black", "types-redis", "types-requests"]
filecache = ["filelock (>=3.8.0)"]
redis = ["redis (>=2.10.5)"]

[[package]]
name = "cachetools"
version = "5.3.1"
description = "Extensible memoizing collections and decorators"
category = "main"
optional = false
python-versions = ">=3.7"

[[package]]
name = "certifi"
version = "2023.7.22"
description = "Python package for providing Mozilla's CA Bundle."
category = "main"
optional = false
python-versions = ">=3.6"

[[package]]
name = "charset-normalizer"
version = "3.3.0"
description = "The Real First Universal Charset Detector. Open, modern and actively maintained alternative to Chardet."
category = "main"
optional = false
python-versions = ">=3.7.0"

[[package]]
name = "click"
version = "8.1.7"
description = "Composable command line interface toolkit"
category = "main"
optional = false
python-versions = ">=3.7"

[package.dependencies]
colorama = {version = "*", markers = "platform_system == \"Windows\""}

[[package]]
name = "colorama"
version = "0.4.6"
description = "Cross-platform colored terminal text."
category = "main"
optional = false
python-versions = "!=3.0.*,!=3.1.*,!=3.2.*,!=3.3.*,!=3.4.*,!=3.5.*,!=3.6.*,>=2.7"

[[package]]
name = "commonmark"
version = "0.9.1"
description = "Python parser for the CommonMark Markdown spec"
category = "main"
optional = false
python-versions = "*"

[package.extras]
test = ["flake8 (==3.7.8)", "hypothesis (==3.55.3)"]

[[package]]
name = "deprecated"
version = "1.2.14"
description = "Python @deprecated decorator to deprecate old python classes, functions or methods."
category = "main"
optional = false
python-versions = ">=2.7, !=3.0.*, !=3.1.*, !=3.2.*, !=3.3.*"

[package.dependencies]
wrapt = ">=1.10,<2"

[package.extras]
dev = ["tox", "pytest", "pytest-cov", "bump2version (<1)", "sphinx (<2)"]

[[package]]
name = "dill"
version = "0.3.4"
description = "serialize all of python"
category = "main"
optional = false
python-versions = ">=2.7, !=3.0.*"

[package.extras]
graph = ["objgraph (>=1.7.2)"]

[[package]]
name = "firebase-admin"
version = "5.2.0"
description = "Firebase Admin Python SDK"
category = "main"
optional = false
python-versions = ">=3.6"

[package.dependencies]
cachecontrol = ">=0.12.6"
google-api-core = {version = ">=1.22.1,<3.0.0dev", extras = ["grpc"], markers = "platform_python_implementation != \"PyPy\""}
google-api-python-client = ">=1.7.8"
google-cloud-firestore = {version = ">=2.1.0", markers = "platform_python_implementation != \"PyPy\""}
google-cloud-storage = ">=1.37.1"

[[package]]
name = "flask"
version = "2.3.3"
description = "A simple framework for building complex web applications."
category = "main"
optional = false
python-versions = ">=3.8"

[package.dependencies]
blinker = ">=1.6.2"
click = ">=8.1.3"
itsdangerous = ">=2.1.2"
Jinja2 = ">=3.1.2"
Werkzeug = ">=2.3.7"

[package.extras]
async = ["asgiref (>=3.2)"]
dotenv = ["python-dotenv"]

[[package]]
name = "flask-cors"
version = "3.0.10"
description = "A Flask extension adding a decorator for CORS support"
category = "main"
optional = false
python-versions = "*"

[package.dependencies]
Flask = ">=0.9"
Six = "*"

[[package]]
name = "flask-limiter"
version = "3.1.0"
description = "Rate limiting for flask applications"
category = "main"
optional = false
python-versions = ">=3.7"

[package.dependencies]
Flask = ">=2"
limits = ">=2.8"
ordered-set = ">4,<5"
rich = ">=12,<13"
typing-extensions = ">=4"

[package.extras]
memcached = ["limits"]
mongodb = ["limits"]
redis = ["limits"]

[[package]]
name = "google-api-core"
version = "2.12.0"
description = "Google API client core library"
category = "main"
optional = false
python-versions = ">=3.7"

[package.dependencies]
google-auth = ">=2.14.1,<3.0.dev0"
googleapis-common-protos = ">=1.56.2,<2.0.dev0"
grpcio = [
    {version = ">=1.33.2,<2.0dev", optional = true, markers = "extra == \"grpc\""},
    {version = ">=1.49.1,<2.0dev", optional = true, markers = "python_version >= \"3.11\" or python_version >= \"3.11\" and extra == \"grpc\""},
]
grpcio-status = [
    {version = ">=1.33.2,<2.0.dev0", optional = true, markers = "extra == \"grpc\""},
    {version = ">=1.49.1,<2.0.dev0", optional = true, markers = "python_version >= \"3.11\" or python_version >= \"3.11\" and extra == \"grpc\""},
]
protobuf = ">=3.19.5,<3.20.0 || >3.20.0,<3.20.1 || >3.20.1,<4.21.0 || >4.21.0,<4.21.1 || >4.21.1,<4.21.2 || >4.21.2,<4.21.3 || >4.21.3,<4.21.4 || >4.21.4,<4.21.5 || >4.21.5,<5.0.0.dev0"
requests = ">=2.18.0,<3.0.0.dev0"

[package.extras]
grpc = ["grpcio (>=1.33.2,<2.0dev)", "grpcio-status (>=1.33.2,<2.0.dev0)", "grpcio (>=1.49.1,<2.0dev)", "grpcio-status (>=1.49.1,<2.0.dev0)"]
grpcgcp = ["grpcio-gcp (>=0.2.2,<1.0.dev0)"]
grpcio-gcp = ["grpcio-gcp (>=0.2.2,<1.0.dev0)"]

[[package]]
name = "google-api-python-client"
version = "2.103.0"
description = "Google API Client Library for Python"
category = "main"
optional = false
python-versions = ">=3.7"

[package.dependencies]
google-api-core = ">=1.31.5,<2.0.0 || >2.3.0,<3.0.0.dev0"
google-auth = ">=1.19.0,<3.0.0.dev0"
google-auth-httplib2 = ">=0.1.0"
httplib2 = ">=0.15.0,<1.dev0"
uritemplate = ">=3.0.1,<5"

[[package]]
name = "google-auth"
version = "2.23.3"
description = "Google Authentication Library"
category = "main"
optional = false
python-versions = ">=3.7"

[package.dependencies]
cachetools = ">=2.0.0,<6.0"
pyasn1-modules = ">=0.2.1"
rsa = ">=3.1.4,<5"

[package.extras]
aiohttp = ["aiohttp (>=3.6.2,<4.0.0.dev0)", "requests (>=2.20.0,<3.0.0.dev0)"]
enterprise_cert = ["cryptography (==36.0.2)", "pyopenssl (==22.0.0)"]
pyopenssl = ["pyopenssl (>=20.0.0)", "cryptography (>=38.0.3)"]
reauth = ["pyu2f (>=0.1.5)"]
requests = ["requests (>=2.20.0,<3.0.0.dev0)"]

[[package]]
name = "google-auth-httplib2"
version = "0.1.1"
description = "Google Authentication Library: httplib2 transport"
category = "main"
optional = false
python-versions = "*"

[package.dependencies]
google-auth = "*"
httplib2 = ">=0.19.0"

[[package]]
name = "google-cloud-core"
version = "2.3.3"
description = "Google Cloud API client core library"
category = "main"
optional = false
python-versions = ">=3.7"

[package.dependencies]
google-api-core = ">=1.31.6,<2.0.0 || >2.3.0,<3.0.0dev"
google-auth = ">=1.25.0,<3.0dev"

[package.extras]
grpc = ["grpcio (>=1.38.0,<2.0dev)"]

[[package]]
name = "google-cloud-firestore"
version = "2.12.0"
description = "Google Cloud Firestore API client library"
category = "main"
optional = false
python-versions = ">=3.7"

[package.dependencies]
google-api-core = {version = ">=1.34.0,<2.0.0 || >=2.11.0,<3.0.0dev", extras = ["grpc"]}
google-cloud-core = ">=1.4.1,<3.0.0dev"
proto-plus = [
    {version = ">=1.22.0,<2.0.0dev", markers = "python_version < \"3.11\""},
    {version = ">=1.22.2,<2.0.0dev", markers = "python_version >= \"3.11\""},
]
protobuf = ">=3.19.5,<3.20.0 || >3.20.0,<3.20.1 || >3.20.1,<4.21.0 || >4.21.0,<4.21.1 || >4.21.1,<4.21.2 || >4.21.2,<4.21.3 || >4.21.3,<4.21.4 || >4.21.4,<4.21.5 || >4.21.5,<5.0.0dev"

[[package]]
name = "google-cloud-secret-manager"
version = "2.8.0"
description = "Secret Manager API API client library"
category = "main"
optional = false
python-versions = ">=3.6"

[package.dependencies]
google-api-core = {version = ">=1.28.0,<3.0.0dev", extras = ["grpc"]}
grpc-google-iam-v1 = ">=0.12.3,<0.13dev"
libcst = ">=0.2.5"
proto-plus = ">=1.4.0"

[[package]]
name = "google-cloud-storage"
version = "2.1.0"
description = "Google Cloud Storage API client library"
category = "main"
optional = false
python-versions = ">=3.7"

[package.dependencies]
google-api-core = ">=1.29.0,<3.0dev"
google-auth = ">=1.25.0,<3.0dev"
google-cloud-core = ">=1.6.0,<3.0dev"
google-resumable-media = ">=1.3.0"
protobuf = "*"
requests = ">=2.18.0,<3.0.0dev"

[[package]]
name = "google-crc32c"
version = "1.5.0"
description = "A python wrapper of the C library 'Google CRC32C'"
category = "main"
optional = false
python-versions = ">=3.7"

[package.extras]
testing = ["pytest"]

[[package]]
name = "google-resumable-media"
version = "2.6.0"
description = "Utilities for Google Media Downloads and Resumable Uploads"
category = "main"
optional = false
python-versions = ">= 3.7"

[package.dependencies]
google-crc32c = ">=1.0,<2.0dev"

[package.extras]
aiohttp = ["aiohttp (>=3.6.2,<4.0.0dev)", "google-auth (>=1.22.0,<2.0dev)"]
requests = ["requests (>=2.18.0,<3.0.0dev)"]

[[package]]
name = "googleapis-common-protos"
version = "1.60.0"
description = "Common protobufs used in Google APIs"
category = "main"
optional = false
python-versions = ">=3.7"

[package.dependencies]
grpcio = {version = ">=1.44.0,<2.0.0.dev0", optional = true, markers = "extra == \"grpc\""}
protobuf = ">=3.19.5,<3.20.0 || >3.20.0,<3.20.1 || >3.20.1,<4.21.1 || >4.21.1,<4.21.2 || >4.21.2,<4.21.3 || >4.21.3,<4.21.4 || >4.21.4,<4.21.5 || >4.21.5,<5.0.0.dev0"

[package.extras]
grpc = ["grpcio (>=1.44.0,<2.0.0.dev0)"]

[[package]]
name = "grpc-google-iam-v1"
version = "0.12.6"
description = "IAM API client library"
category = "main"
optional = false
python-versions = ">=3.7"

[package.dependencies]
googleapis-common-protos = {version = ">=1.56.0,<2.0.0dev", extras = ["grpc"]}
grpcio = ">=1.44.0,<2.0.0dev"
protobuf = ">=3.19.5,<3.20.0 || >3.20.0,<3.20.1 || >3.20.1,<4.21.1 || >4.21.1,<4.21.2 || >4.21.2,<4.21.3 || >4.21.3,<4.21.4 || >4.21.4,<4.21.5 || >4.21.5,<5.0.0dev"

[[package]]
name = "grpcio"
version = "1.59.0"
description = "HTTP/2-based RPC framework"
category = "main"
optional = false
python-versions = ">=3.7"

[package.extras]
protobuf = ["grpcio-tools (>=1.59.0)"]

[[package]]
name = "grpcio-status"
version = "1.59.0"
description = "Status proto mapping for gRPC"
category = "main"
optional = false
python-versions = ">=3.6"

[package.dependencies]
googleapis-common-protos = ">=1.5.5"
grpcio = ">=1.59.0"
protobuf = ">=4.21.6"

[[package]]
name = "gunicorn"
version = "21.2.0"
description = "WSGI HTTP Server for UNIX"
category = "main"
optional = false
python-versions = ">=3.5"

[package.dependencies]
packaging = "*"

[package.extras]
eventlet = ["eventlet (>=0.24.1)"]
gevent = ["gevent (>=1.4.0)"]
setproctitle = ["setproctitle"]
tornado = ["tornado (>=0.2)"]

[[package]]
name = "httplib2"
version = "0.22.0"
description = "A comprehensive HTTP client library."
category = "main"
optional = false
python-versions = ">=2.7, !=3.0.*, !=3.1.*, !=3.2.*, !=3.3.*"

[package.dependencies]
pyparsing = {version = ">=2.4.2,<3.0.0 || >3.0.0,<3.0.1 || >3.0.1,<3.0.2 || >3.0.2,<3.0.3 || >3.0.3,<4", markers = "python_version > \"3.0\""}

[[package]]
name = "idna"
version = "3.4"
description = "Internationalized Domain Names in Applications (IDNA)"
category = "main"
optional = false
python-versions = ">=3.5"

[[package]]
name = "importlib-resources"
version = "6.1.0"
description = "Read resources from Python packages"
category = "main"
optional = false
python-versions = ">=3.8"

[package.extras]
docs = ["sphinx (>=3.5)", "sphinx (<7.2.5)", "jaraco.packaging (>=9.3)", "rst.linker (>=1.9)", "furo", "sphinx-lint", "jaraco.tidelift (>=1.4)"]
testing = ["pytest (>=6)", "pytest-checkdocs (>=2.4)", "pytest-cov", "pytest-enabler (>=2.2)", "pytest-ruff", "zipp (>=3.17)", "pytest-black (>=0.3.7)", "pytest-mypy (>=0.9.1)"]

[[package]]
name = "itsdangerous"
version = "2.1.2"
description = "Safely pass data to untrusted environments and back."
category = "main"
optional = false
python-versions = ">=3.7"

[[package]]
name = "jinja2"
version = "3.1.2"
description = "A very fast and expressive template engine."
category = "main"
optional = false
python-versions = ">=3.7"

[package.dependencies]
MarkupSafe = ">=2.0"

[package.extras]
i18n = ["Babel (>=2.7)"]

[[package]]
name = "libcst"
version = "1.1.0"
description = "A concrete syntax tree with AST-like properties for Python 3.5, 3.6, 3.7, 3.8, 3.9, and 3.10 programs."
category = "main"
optional = false
python-versions = ">=3.8"

[package.dependencies]
pyyaml = ">=5.2"
typing-extensions = ">=3.7.4.2"
typing-inspect = ">=0.4.0"

[package.extras]
dev = ["black (==23.9.1)", "coverage (>=4.5.4)", "build (>=0.10.0)", "fixit (==2.0.0.post1)", "flake8 (>=3.7.8,<5)", "Sphinx (>=5.1.1)", "hypothesis (>=4.36.0)", "hypothesmith (>=0.0.4)", "jupyter (>=1.0.0)", "maturin (>=0.8.3,<0.16)", "nbsphinx (>=0.4.2)", "prompt-toolkit (>=2.0.9)", "setuptools-scm (>=6.0.1)", "sphinx-rtd-theme (>=0.4.3)", "ufmt (==2.2.0)", "usort (==1.0.7)", "setuptools-rust (>=1.5.2)", "slotscheck (>=0.7.1)", "jinja2 (==3.1.2)", "pyre-check (==0.9.18)"]

[[package]]
name = "limits"
version = "3.6.0"
description = "Rate limiting utilities"
category = "main"
optional = false
python-versions = ">=3.7"

[package.dependencies]
deprecated = ">=1.2"
importlib-resources = ">=1.3"
packaging = ">=21,<24"
typing-extensions = "*"

[package.extras]
all = ["redis (>3,!=4.5.2,!=4.5.3,<6.0.0)", "redis (>=4.2.0,!=4.5.2,!=4.5.3)", "pymemcache (>3,<5.0.0)", "pymongo (>4.1,<5)", "etcd3", "coredis (>=3.4.0,<5)", "motor (>=3,<4)", "aetcd", "emcache (>=0.6.1)", "emcache (>=1)"]
async-etcd = ["aetcd"]
async-memcached = ["emcache (>=0.6.1)", "emcache (>=1)"]
async-mongodb = ["motor (>=3,<4)"]
async-redis = ["coredis (>=3.4.0,<5)"]
etcd = ["etcd3"]
memcached = ["pymemcache (>3,<5.0.0)"]
mongodb = ["pymongo (>4.1,<5)"]
redis = ["redis (>3,!=4.5.2,!=4.5.3,<6.0.0)"]
rediscluster = ["redis (>=4.2.0,!=4.5.2,!=4.5.3)"]

[[package]]
name = "markupsafe"
version = "2.1.3"
description = "Safely add untrusted strings to HTML/XML markup."
category = "main"
optional = false
python-versions = ">=3.7"

[[package]]
name = "marshmallow"
version = "3.14.1"
description = "A lightweight library for converting complex datatypes to and from native Python datatypes."
category = "main"
optional = false
python-versions = ">=3.6"

[package.extras]
dev = ["pytest", "pytz", "simplejson", "mypy (==0.910)", "flake8 (==4.0.1)", "flake8-bugbear (==21.9.2)", "pre-commit (>=2.4,<3.0)", "tox"]
docs = ["sphinx (==4.3.0)", "sphinx-issues (==1.2.0)", "alabaster (==0.7.12)", "sphinx-version-warning (==1.1.2)", "autodocsumm (==0.2.7)"]
lint = ["mypy (==0.910)", "flake8 (==4.0.1)", "flake8-bugbear (==21.9.2)", "pre-commit (>=2.4,<3.0)"]
tests = ["pytest", "pytz", "simplejson"]

[[package]]
name = "more-itertools"
version = "10.1.0"
description = "More routines for operating on iterables, beyond itertools"
category = "dev"
optional = false
python-versions = ">=3.8"

[[package]]
name = "msgpack"
version = "1.0.7"
description = "MessagePack serializer"
category = "main"
optional = false
python-versions = ">=3.8"

[[package]]
name = "mypy-extensions"
version = "1.0.0"
description = "Type system extensions for programs checked with the mypy type checker."
category = "main"
optional = false
python-versions = ">=3.5"

[[package]]
name = "ordered-set"
version = "4.1.0"
description = "An OrderedSet is a custom MutableSet that remembers its order, so that every"
category = "main"
optional = false
python-versions = ">=3.7"

[package.extras]
dev = ["pytest", "black", "mypy"]

[[package]]
name = "packaging"
version = "23.2"
description = "Core utilities for Python packages"
category = "main"
optional = false
python-versions = ">=3.7"

[[package]]
name = "peewee"
version = "3.15.4"
description = "a little orm"
category = "main"
optional = false
python-versions = "*"

[[package]]
name = "pluggy"
version = "0.13.1"
description = "plugin and hook calling mechanisms for python"
category = "dev"
optional = false
python-versions = ">=2.7, !=3.0.*, !=3.1.*, !=3.2.*, !=3.3.*"

[package.extras]
dev = ["pre-commit", "tox"]

[[package]]
name = "proto-plus"
version = "1.22.3"
description = "Beautiful, Pythonic protocol buffers."
category = "main"
optional = false
python-versions = ">=3.6"

[package.dependencies]
protobuf = ">=3.19.0,<5.0.0dev"

[package.extras]
testing = ["google-api-core[grpc] (>=1.31.5)"]

[[package]]
name = "protobuf"
version = "4.24.4"
description = ""
category = "main"
optional = false
python-versions = ">=3.7"

[[package]]
name = "py"
version = "1.11.0"
description = "library with cross-python path, ini-parsing, io, code, log facilities"
category = "dev"
optional = false
python-versions = ">=2.7, !=3.0.*, !=3.1.*, !=3.2.*, !=3.3.*, !=3.4.*"

[[package]]
name = "pyasn1"
version = "0.5.0"
description = "Pure-Python implementation of ASN.1 types and DER/BER/CER codecs (X.208)"
category = "main"
optional = false
python-versions = "!=3.0.*,!=3.1.*,!=3.2.*,!=3.3.*,!=3.4.*,!=3.5.*,>=2.7"

[[package]]
name = "pyasn1-modules"
version = "0.3.0"
description = "A collection of ASN.1-based protocols modules"
category = "main"
optional = false
python-versions = "!=3.0.*,!=3.1.*,!=3.2.*,!=3.3.*,!=3.4.*,!=3.5.*,>=2.7"

[package.dependencies]
pyasn1 = ">=0.4.6,<0.6.0"

[[package]]
name = "pygments"
version = "2.16.1"
description = "Pygments is a syntax highlighting package written in Python."
category = "main"
optional = false
python-versions = ">=3.7"

[package.extras]
plugins = ["importlib-metadata"]

[[package]]
name = "pyparsing"
version = "3.1.1"
description = "pyparsing module - Classes and methods to define and execute parsing grammars"
category = "main"
optional = false
python-versions = ">=3.6.8"

[package.extras]
diagrams = ["railroad-diagrams", "jinja2"]

[[package]]
name = "pyqt5"
version = "5.15.6"
description = "Python bindings for the Qt cross platform application toolkit"
category = "main"
optional = false
python-versions = ">=3.6"

[package.dependencies]
PyQt5-Qt5 = ">=5.15.2"
PyQt5-sip = ">=12.8,<13"

[[package]]
name = "pyqt5-qt5"
version = "5.15.2"
description = "The subset of a Qt installation needed by PyQt5."
category = "main"
optional = false
python-versions = "*"

[[package]]
name = "pyqt5-sip"
version = "12.12.2"
description = "The sip module support for PyQt5"
category = "main"
optional = false
python-versions = ">=3.7"

[[package]]
name = "pytest"
version = "5.4.3"
description = "pytest: simple powerful testing with Python"
category = "dev"
optional = false
python-versions = ">=3.5"

[package.dependencies]
atomicwrites = {version = ">=1.0", markers = "sys_platform == \"win32\""}
attrs = ">=17.4.0"
colorama = {version = "*", markers = "sys_platform == \"win32\""}
more-itertools = ">=4.0.0"
packaging = "*"
pluggy = ">=0.12,<1.0"
py = ">=1.5.0"
wcwidth = "*"

[package.extras]
checkqa-mypy = ["mypy (==v0.761)"]
testing = ["argcomplete", "hypothesis (>=3.56)", "mock", "nose", "requests", "xmlschema"]

[[package]]
name = "pyyaml"
version = "6.0"
description = "YAML parser and emitter for Python"
category = "main"
optional = false
python-versions = ">=3.6"

[[package]]
name = "requests"
version = "2.31.0"
description = "Python HTTP for Humans."
category = "main"
optional = false
python-versions = ">=3.7"

[package.dependencies]
certifi = ">=2017.4.17"
charset-normalizer = ">=2,<4"
idna = ">=2.5,<4"
urllib3 = ">=1.21.1,<3"

[package.extras]
socks = ["PySocks (>=1.5.6,!=1.5.7)"]
use_chardet_on_py3 = ["chardet (>=3.0.2,<6)"]

[[package]]
name = "rich"
version = "12.6.0"
description = "Render rich text, tables, progress bars, syntax highlighting, markdown and more to the terminal"
category = "main"
optional = false
python-versions = ">=3.6.3,<4.0.0"

[package.dependencies]
commonmark = ">=0.9.0,<0.10.0"
pygments = ">=2.6.0,<3.0.0"

[package.extras]
jupyter = ["ipywidgets (>=7.5.1,<8.0.0)"]

[[package]]
name = "rsa"
version = "4.9"
description = "Pure-Python RSA implementation"
category = "main"
optional = false
python-versions = ">=3.6,<4"

[package.dependencies]
pyasn1 = ">=0.1.3"

[[package]]
name = "six"
version = "1.16.0"
description = "Python 2 and 3 compatibility utilities"
category = "main"
optional = false
python-versions = ">=2.7, !=3.0.*, !=3.1.*, !=3.2.*"

[[package]]
name = "typing-extensions"
version = "4.8.0"
description = "Backported and Experimental Type Hints for Python 3.8+"
category = "main"
optional = false
python-versions = ">=3.8"

[[package]]
name = "typing-inspect"
version = "0.9.0"
description = "Runtime inspection utilities for typing module."
category = "main"
optional = false
python-versions = "*"

[package.dependencies]
mypy-extensions = ">=0.3.0"
typing-extensions = ">=3.7.4"

[[package]]
name = "uritemplate"
version = "4.1.1"
description = "Implementation of RFC 6570 URI Templates"
category = "main"
optional = false
python-versions = ">=3.6"

[[package]]
name = "urllib3"
version = "2.0.6"
description = "HTTP library with thread-safe connection pooling, file post, and more."
category = "main"
optional = false
python-versions = ">=3.7"

[package.extras]
brotli = ["brotli (>=1.0.9)", "brotlicffi (>=0.8.0)"]
secure = ["certifi", "cryptography (>=1.9)", "idna (>=2.0.0)", "pyopenssl (>=17.1.0)", "urllib3-secure-extra"]
socks = ["pysocks (>=1.5.6,!=1.5.7,<2.0)"]
zstd = ["zstandard (>=0.18.0)"]

[[package]]
name = "wcwidth"
version = "0.2.8"
description = "Measures the displayed width of unicode strings in a terminal"
category = "dev"
optional = false
python-versions = "*"

[[package]]
name = "werkzeug"
version = "3.0.0"
description = "The comprehensive WSGI web application library."
category = "main"
optional = false
python-versions = ">=3.8"

[package.dependencies]
MarkupSafe = ">=2.1.1"

[package.extras]
watchdog = ["watchdog (>=2.3)"]

[[package]]
name = "wrapt"
version = "1.15.0"
description = "Module for decorators, wrappers and monkey patching."
category = "main"
optional = false
python-versions = "!=3.0.*,!=3.1.*,!=3.2.*,!=3.3.*,!=3.4.*,>=2.7"

[metadata]
lock-version = "1.1"
python-versions = "^3.11"
content-hash = "d4a53b583695b892703f691ec7db03ae7d4f71c02793808a7ff61576c04e54c4"

[metadata.files]
atomicwrites = []
attrs = []
blinker = []
cachecontrol = []
cachetools = []
certifi = []
charset-normalizer = []
click = []
colorama = []
commonmark = []
deprecated = []
dill = []
firebase-admin = []
flask = []
flask-cors = []
flask-limiter = []
google-api-core = []
google-api-python-client = []
google-auth = []
google-auth-httplib2 = []
google-cloud-core = []
google-cloud-firestore = []
google-cloud-secret-manager = []
google-cloud-storage = []
google-crc32c = []
google-resumable-media = []
googleapis-common-protos = []
grpc-google-iam-v1 = []
grpcio = []
grpcio-status = []
gunicorn = []
httplib2 = []
idna = []
importlib-resources = []
itsdangerous = []
jinja2 = []
libcst = []
limits = []
markupsafe = []
marshmallow = []
more-itertools = []
msgpack = []
mypy-extensions = []
ordered-set = []
packaging = []
peewee = []
pluggy = []
proto-plus = []
protobuf = []
py = []
pyasn1 = []
pyasn1-modules = []
pygments = []
pyparsing = []
pyqt5 = []
pyqt5-qt5 = []
pyqt5-sip = []
pytest = []
pyyaml = []
requests = []
rich = []
rsa = []
six = []
typing-extensions = []
typing-inspect = []
uritemplate = []
urllib3 = []
wcwidth = []
werkzeug = []
wrapt = []
